
Microsoft Visual Studio Solution File, Format Version 12.00
# Visual Studio Version 16
VisualStudioVersion = 16.0.32630.194
MinimumVisualStudioVersion = 10.0.40219.1
Project("{FAE04EC0-301F-11D3-BF4B-00C04F79EFBC}") = "multMemoTest2.6", "multMemoTest2.6\multMemoTest2.6.csproj", "{01465886-EA53-425F-806F-871D65C0127F}"
EndProject
Global
	GlobalSection(SolutionConfigurationPlatforms) = preSolution
		Debug|Any CPU = Debug|Any CPU
		Release|Any CPU = Release|Any CPU
	EndGlobalSection
	GlobalSection(ProjectConfigurationPlatforms) = postSolution
		{01465886-EA53-425F-806F-871D65C0127F}.Debug|Any CPU.ActiveCfg = Debug|Any CPU
		{01465886-EA53-425F-806F-871D65C0127F}.Debug|Any CPU.Build.0 = Debug|Any CPU
		{01465886-EA53-425F-806F-871D65C0127F}.Release|Any CPU.ActiveCfg = Release|Any CPU
		{01465886-EA53-425F-806F-871D65C0127F}.Release|Any CPU.Build.0 = Release|Any CPU
	EndGlobalSection
	GlobalSection(SolutionProperties) = preSolution
		HideSolutionNode = FALSE
	EndGlobalSection
	GlobalSection(ExtensibilityGlobals) = postSolution
		SolutionGuid = {11F1952E-F92A-4850-B6FA-75F2F14F2BCC}
	EndGlobalSection
EndGlobal
